
Microsoft Visual Studio Solution File, Format Version 12.00
# Visual Studio Version 16
VisualStudioVersion = 16.0.33214.272
MinimumVisualStudioVersion = 10.0.40219.1
Project("{FAE04EC0-301F-11D3-BF4B-00C04F79EFBC}") = "karamov_pr31_zd_5", "karamov_pr31_zd_5.csproj", "{665F6367-84AF-44C9-B066-EB50F0F75DE8}"
EndProject
Global
	GlobalSection(SolutionConfigurationPlatforms) = preSolution
		Debug|Any CPU = Debug|Any CPU
		Release|Any CPU = Release|Any CPU
	EndGlobalSection
	GlobalSection(ProjectConfigurationPlatforms) = postSolution
		{665F6367-84AF-44C9-B066-EB50F0F75DE8}.Debug|Any CPU.ActiveCfg = Debug|Any CPU
		{665F6367-84AF-44C9-B066-EB50F0F75DE8}.Debug|Any CPU.Build.0 = Debug|Any CPU
		{665F6367-84AF-44C9-B066-EB50F0F75DE8}.Release|Any CPU.ActiveCfg = Release|Any CPU
		{665F6367-84AF-44C9-B066-EB50F0F75DE8}.Release|Any CPU.Build.0 = Release|Any CPU
	EndGlobalSection
	GlobalSection(SolutionProperties) = preSolution
		HideSolutionNode = FALSE
	EndGlobalSection
	GlobalSection(ExtensibilityGlobals) = postSolution
		SolutionGuid = {D1489949-CA17-43A6-9587-C6BE5A527B2C}
	EndGlobalSection
EndGlobal
