
Microsoft Visual Studio Solution File, Format Version 12.00
# Visual Studio Version 16
VisualStudioVersion = 16.0.33214.272
MinimumVisualStudioVersion = 10.0.40219.1
Project("{FAE04EC0-301F-11D3-BF4B-00C04F79EFBC}") = "karamov_pr31_zd_4", "karamov_pr31_zd_4.csproj", "{88D3FD01-BD69-48E8-8362-8D2F9DA86EDA}"
EndProject
Global
	GlobalSection(SolutionConfigurationPlatforms) = preSolution
		Debug|Any CPU = Debug|Any CPU
		Release|Any CPU = Release|Any CPU
	EndGlobalSection
	GlobalSection(ProjectConfigurationPlatforms) = postSolution
		{88D3FD01-BD69-48E8-8362-8D2F9DA86EDA}.Debug|Any CPU.ActiveCfg = Debug|Any CPU
		{88D3FD01-BD69-48E8-8362-8D2F9DA86EDA}.Debug|Any CPU.Build.0 = Debug|Any CPU
		{88D3FD01-BD69-48E8-8362-8D2F9DA86EDA}.Release|Any CPU.ActiveCfg = Release|Any CPU
		{88D3FD01-BD69-48E8-8362-8D2F9DA86EDA}.Release|Any CPU.Build.0 = Release|Any CPU
	EndGlobalSection
	GlobalSection(SolutionProperties) = preSolution
		HideSolutionNode = FALSE
	EndGlobalSection
	GlobalSection(ExtensibilityGlobals) = postSolution
		SolutionGuid = {2E825F54-BDB0-436F-9BBA-B255A4AE7A02}
	EndGlobalSection
EndGlobal
