
Microsoft Visual Studio Solution File, Format Version 12.00
# Visual Studio Version 16
VisualStudioVersion = 16.0.33214.272
MinimumVisualStudioVersion = 10.0.40219.1
Project("{FAE04EC0-301F-11D3-BF4B-00C04F79EFBC}") = "karamov_pr31_zd_1", "karamov_pr31_zd_1.csproj", "{57CF9395-C08C-4BCF-BB36-02813B3EB870}"
EndProject
Global
	GlobalSection(SolutionConfigurationPlatforms) = preSolution
		Debug|Any CPU = Debug|Any CPU
		Release|Any CPU = Release|Any CPU
	EndGlobalSection
	GlobalSection(ProjectConfigurationPlatforms) = postSolution
		{57CF9395-C08C-4BCF-BB36-02813B3EB870}.Debug|Any CPU.ActiveCfg = Debug|Any CPU
		{57CF9395-C08C-4BCF-BB36-02813B3EB870}.Debug|Any CPU.Build.0 = Debug|Any CPU
		{57CF9395-C08C-4BCF-BB36-02813B3EB870}.Release|Any CPU.ActiveCfg = Release|Any CPU
		{57CF9395-C08C-4BCF-BB36-02813B3EB870}.Release|Any CPU.Build.0 = Release|Any CPU
	EndGlobalSection
	GlobalSection(SolutionProperties) = preSolution
		HideSolutionNode = FALSE
	EndGlobalSection
	GlobalSection(ExtensibilityGlobals) = postSolution
		SolutionGuid = {54777A1F-7A2B-4D6C-A6C0-7781E789FC54}
	EndGlobalSection
EndGlobal
